// !$*UTF8*$!
{
	archiveVersion = 1;
	classes = {
	};
	objectVersion = 77;
	objects = {

/* Begin PBXContainerItemProxy section */
		920F67F52DE524710082C3CE /* PBXContainerItemProxy */ = {
			isa = PBXContainerItemProxy;
			containerPortal = 920F67DD2DE524700082C3CE /* Project object */;
			proxyType = 1;
			remoteGlobalIDString = 920F67E42DE524700082C3CE;
			remoteInfo = UalaCitiesInterview;
		};
		920F67FF2DE524720082C3CE /* PBXContainerItemProxy */ = {
			isa = PBXContainerItemProxy;
			containerPortal = 920F67DD2DE524700082C3CE /* Project object */;
			proxyType = 1;
			remoteGlobalIDString = 920F67E42DE524700082C3CE;
			remoteInfo = UalaCitiesInterview;
		};
/* End PBXContainerItemProxy section */

/* Begin PBXFileReference section */
		920F67E52DE524700082C3CE /* UalaCitiesInterview.app */ = {isa = PBXFileReference; explicitFileType = wrapper.application; includeInIndex = 0; path = UalaCitiesInterview.app; sourceTree = BUILT_PRODUCTS_DIR; };
		920F67F42DE524710082C3CE /* UalaCitiesInterviewTests.xctest */ = {isa = PBXFileReference; explicitFileType = wrapper.cfbundle; includeInIndex = 0; path = UalaCitiesInterviewTests.xctest; sourceTree = BUILT_PRODUCTS_DIR; };
		920F67FE2DE524720082C3CE /* UalaCitiesInterviewUITests.xctest */ = {isa = PBXFileReference; explicitFileType = wrapper.cfbundle; includeInIndex = 0; path = UalaCitiesInterviewUITests.xctest; sourceTree = BUILT_PRODUCTS_DIR; };
/* End PBXFileReference section */

/* Begin PBXFileSystemSynchronizedRootGroup section */
		920F67E72DE524700082C3CE /* UalaCitiesInterview */ = {
			isa = PBXFileSystemSynchronizedRootGroup;
			path = UalaCitiesInterview;
			sourceTree = "<group>";
		};
		920F67F72DE524720082C3CE /* UalaCitiesInterviewTests */ = {
			isa = PBXFileSystemSynchronizedRootGroup;
			path = UalaCitiesInterviewTests;
			sourceTree = "<group>";
		};
		920F68012DE524720082C3CE /* UalaCitiesInterviewUITests */ = {
			isa = PBXFileSystemSynchronizedRootGroup;
			path = UalaCitiesInterviewUITests;
			sourceTree = "<group>";
		};
/* End PBXFileSystemSynchronizedRootGroup section */

/* Begin PBXFrameworksBuildPhase section */
		920F67E22DE524700082C3CE /* Frameworks */ = {
			isa = PBXFrameworksBuildPhase;
			buildActionMask = 2147483647;
			files = (
			);
			runOnlyForDeploymentPostprocessing = 0;
		};
		920F67F12DE524710082C3CE /* Frameworks */ = {
			isa = PBXFrameworksBuildPhase;
			buildActionMask = 2147483647;
			files = (
			);
			runOnlyForDeploymentPostprocessing = 0;
		};
		920F67FB2DE524720082C3CE /* Frameworks */ = {
			isa = PBXFrameworksBuildPhase;
			buildActionMask = 2147483647;
			files = (
			);
			runOnlyForDeploymentPostprocessing = 0;
		};
/* End PBXFrameworksBuildPhase section */

/* Begin PBXGroup section */
		920F67DC2DE524700082C3CE = {
			isa = PBXGroup;
			children = (
				920F67E72DE524700082C3CE /* UalaCitiesInterview */,
				920F67F72DE524720082C3CE /* UalaCitiesInterviewTests */,
				920F68012DE524720082C3CE /* UalaCitiesInterviewUITests */,
				920F67E62DE524700082C3CE /* Products */,
			);
			sourceTree = "<group>";
		};
		920F67E62DE524700082C3CE /* Products */ = {
			isa = PBXGroup;
			children = (
				920F67E52DE524700082C3CE /* UalaCitiesInterview.app */,
				920F67F42DE524710082C3CE /* UalaCitiesInterviewTests.xctest */,
				920F67FE2DE524720082C3CE /* UalaCitiesInterviewUITests.xctest */,
			);
			name = Products;
			sourceTree = "<group>";
		};
/* End PBXGroup section */

/* Begin PBXNativeTarget section */
		920F67E42DE524700082C3CE /* UalaCitiesInterview */ = {
			isa = PBXNativeTarget;
			buildConfigurationList = 920F68082DE524720082C3CE /* Build configuration list for PBXNativeTarget "UalaCitiesInterview" */;
			buildPhases = (
				920F67E12DE524700082C3CE /* Sources */,
				920F67E22DE524700082C3CE /* Frameworks */,
				920F67E32DE524700082C3CE /* Resources */,
			);
			buildRules = (
			);
			dependencies = (
			);
			fileSystemSynchronizedGroups = (
				920F67E72DE524700082C3CE /* UalaCitiesInterview */,
			);
			name = UalaCitiesInterview;
			packageProductDependencies = (
			);
			productName = UalaCitiesInterview;
			productReference = 920F67E52DE524700082C3CE /* UalaCitiesInterview.app */;
			productType = "com.apple.product-type.application";
		};
		920F67F32DE524710082C3CE /* UalaCitiesInterviewTests */ = {
			isa = PBXNativeTarget;
			buildConfigurationList = 920F680B2DE524720082C3CE /* Build configuration list for PBXNativeTarget "UalaCitiesInterviewTests" */;
			buildPhases = (
				920F67F02DE524710082C3CE /* Sources */,
				920F67F12DE524710082C3CE /* Frameworks */,
				920F67F22DE524710082C3CE /* Resources */,
			);
			buildRules = (
			);
			dependencies = (
				920F67F62DE524710082C3CE /* PBXTargetDependency */,
			);
			fileSystemSynchronizedGroups = (
				920F67F72DE524720082C3CE /* UalaCitiesInterviewTests */,
			);
			name = UalaCitiesInterviewTests;
			packageProductDependencies = (
			);
			productName = UalaCitiesInterviewTests;
			productReference = 920F67F42DE524710082C3CE /* UalaCitiesInterviewTests.xctest */;
			productType = "com.apple.product-type.bundle.unit-test";
		};
		920F67FD2DE524720082C3CE /* UalaCitiesInterviewUITests */ = {
			isa = PBXNativeTarget;
			buildConfigurationList = 920F680E2DE524720082C3CE /* Build configuration list for PBXNativeTarget "UalaCitiesInterviewUITests" */;
			buildPhases = (
				920F67FA2DE524720082C3CE /* Sources */,
				920F67FB2DE524720082C3CE /* Frameworks */,
				920F67FC2DE524720082C3CE /* Resources */,
			);
			buildRules = (
			);
			dependencies = (
				920F68002DE524720082C3CE /* PBXTargetDependency */,
			);
			fileSystemSynchronizedGroups = (
				920F68012DE524720082C3CE /* UalaCitiesInterviewUITests */,
			);
			name = UalaCitiesInterviewUITests;
			packageProductDependencies = (
			);
			productName = UalaCitiesInterviewUITests;
			productReference = 920F67FE2DE524720082C3CE /* UalaCitiesInterviewUITests.xctest */;
			productType = "com.apple.product-type.bundle.ui-testing";
		};
/* End PBXNativeTarget section */

/* Begin PBXProject section */
		920F67DD2DE524700082C3CE /* Project object */ = {
			isa = PBXProject;
			attributes = {
				BuildIndependentTargetsInParallel = 1;
				LastSwiftUpdateCheck = 1630;
				LastUpgradeCheck = 1630;
				TargetAttributes = {
					920F67E42DE524700082C3CE = {
						CreatedOnToolsVersion = 16.3;
					};
					920F67F32DE524710082C3CE = {
						CreatedOnToolsVersion = 16.3;
						TestTargetID = 920F67E42DE524700082C3CE;
					};
					920F67FD2DE524720082C3CE = {
						CreatedOnToolsVersion = 16.3;
						TestTargetID = 920F67E42DE524700082C3CE;
					};
				};
			};
			buildConfigurationList = 920F67E02DE524700082C3CE /* Build configuration list for PBXProject "UalaCitiesInterview" */;
			developmentRegion = en;
			hasScannedForEncodings = 0;
			knownRegions = (
				en,
				Base,
			);
			mainGroup = 920F67DC2DE524700082C3CE;
			minimizedProjectReferenceProxies = 1;
			preferredProjectObjectVersion = 77;
			productRefGroup = 920F67E62DE524700082C3CE /* Products */;
			projectDirPath = "";
			projectRoot = "";
			targets = (
				920F67E42DE524700082C3CE /* UalaCitiesInterview */,
				920F67F32DE524710082C3CE /* UalaCitiesInterviewTests */,
				920F67FD2DE524720082C3CE /* UalaCitiesInterviewUITests */,
			);
		};
/* End PBXProject section */

/* Begin PBXResourcesBuildPhase section */
		920F67E32DE524700082C3CE /* Resources */ = {
			isa = PBXResourcesBuildPhase;
			buildActionMask = 2147483647;
			files = (
			);
			runOnlyForDeploymentPostprocessing = 0;
		};
		920F67F22DE524710082C3CE /* Resources */ = {
			isa = PBXResourcesBuildPhase;
			buildActionMask = 2147483647;
			files = (
			);
			runOnlyForDeploymentPostprocessing = 0;
		};
		920F67FC2DE524720082C3CE /* Resources */ = {
			isa = PBXResourcesBuildPhase;
			buildActionMask = 2147483647;
			files = (
			);
			runOnlyForDeploymentPostprocessing = 0;
		};
/* End PBXResourcesBuildPhase section */

/* Begin PBXSourcesBuildPhase section */
		920F67E12DE524700082C3CE /* Sources */ = {
			isa = PBXSourcesBuildPhase;
			buildActionMask = 2147483647;
			files = (
			);
			runOnlyForDeploymentPostprocessing = 0;
		};
		920F67F02DE524710082C3CE /* Sources */ = {
			isa = PBXSourcesBuildPhase;
			buildActionMask = 2147483647;
			files = (
			);
			runOnlyForDeploymentPostprocessing = 0;
		};
		920F67FA2DE524720082C3CE /* Sources */ = {
			isa = PBXSourcesBuildPhase;
			buildActionMask = 2147483647;
			files = (
			);
			runOnlyForDeploymentPostprocessing = 0;
		};
/* End PBXSourcesBuildPhase section */

/* Begin PBXTargetDependency section */
		920F67F62DE524710082C3CE /* PBXTargetDependency */ = {
			isa = PBXTargetDependency;
			target = 920F67E42DE524700082C3CE /* UalaCitiesInterview */;
			targetProxy = 920F67F52DE524710082C3CE /* PBXContainerItemProxy */;
		};
		920F68002DE524720082C3CE /* PBXTargetDependency */ = {
			isa = PBXTargetDependency;
			target = 920F67E42DE524700082C3CE /* UalaCitiesInterview */;
			targetProxy = 920F67FF2DE524720082C3CE /* PBXContainerItemProxy */;
		};
/* End PBXTargetDependency section */

/* Begin XCBuildConfiguration section */
		920F68062DE524720082C3CE /* Debug */ = {
			isa = XCBuildConfiguration;
			buildSettings = {
				ALWAYS_SEARCH_USER_PATHS = NO;
				ASSETCATALOG_COMPILER_GENERATE_SWIFT_ASSET_SYMBOL_EXTENSIONS = YES;
				CLANG_ANALYZER_NONNULL = YES;
				CLANG_ANALYZER_NUMBER_OBJECT_CONVERSION = YES_AGGRESSIVE;
				CLANG_CXX_LANGUAGE_STANDARD = "gnu++20";
				CLANG_ENABLE_MODULES = YES;
				CLANG_ENABLE_OBJC_ARC = YES;
				CLANG_ENABLE_OBJC_WEAK = YES;
				CLANG_WARN_BLOCK_CAPTURE_AUTORELEASING = YES;
				CLANG_WARN_BOOL_CONVERSION = YES;
				CLANG_WARN_COMMA = YES;
				CLANG_WARN_CONSTANT_CONVERSION = YES;
				CLANG_WARN_DEPRECATED_OBJC_IMPLEMENTATIONS = YES;
				CLANG_WARN_DIRECT_OBJC_ISA_USAGE = YES_ERROR;
				CLANG_WARN_DOCUMENTATION_COMMENTS = YES;
				CLANG_WARN_EMPTY_BODY = YES;
				CLANG_WARN_ENUM_CONVERSION = YES;
				CLANG_WARN_INFINITE_RECURSION = YES;
				CLANG_WARN_INT_CONVERSION = YES;
				CLANG_WARN_NON_LITERAL_NULL_CONVERSION = YES;
				CLANG_WARN_OBJC_IMPLICIT_RETAIN_SELF = YES;
				CLANG_WARN_OBJC_LITERAL_CONVERSION = YES;
				CLANG_WARN_OBJC_ROOT_CLASS = YES_ERROR;
				CLANG_WARN_QUOTED_INCLUDE_IN_FRAMEWORK_HEADER = YES;
				CLANG_WARN_RANGE_LOOP_ANALYSIS = YES;
				CLANG_WARN_STRICT_PROTOTYPES = YES;
				CLANG_WARN_SUSPICIOUS_MOVE = YES;
				CLANG_WARN_UNGUARDED_AVAILABILITY = YES_AGGRESSIVE;
				CLANG_WARN_UNREACHABLE_CODE = YES;
				CLANG_WARN__DUPLICATE_METHOD_MATCH = YES;
				COPY_PHASE_STRIP = NO;
				DEBUG_INFORMATION_FORMAT = dwarf;
				ENABLE_STRICT_OBJC_MSGSEND = YES;
				ENABLE_TESTABILITY = YES;
				ENABLE_USER_SCRIPT_SANDBOXING = YES;
				GCC_C_LANGUAGE_STANDARD = gnu17;
				GCC_DYNAMIC_NO_PIC = NO;
				GCC_NO_COMMON_BLOCKS = YES;
				GCC_OPTIMIZATION_LEVEL = 0;
				GCC_PREPROCESSOR_DEFINITIONS = (
					"DEBUG=1",
					"$(inherited)",
				);
				GCC_WARN_64_TO_32_BIT_CONVERSION = YES;
				GCC_WARN_ABOUT_RETURN_TYPE = YES_ERROR;
				GCC_WARN_UNDECLARED_SELECTOR = YES;
				GCC_WARN_UNINITIALIZED_AUTOS = YES_AGGRESSIVE;
				GCC_WARN_UNUSED_FUNCTION = YES;
				GCC_WARN_UNUSED_VARIABLE = YES;
				IPHONEOS_DEPLOYMENT_TARGET = 18.4;
				LOCALIZATION_PREFERS_STRING_CATALOGS = YES;
				MTL_ENABLE_DEBUG_INFO = INCLUDE_SOURCE;
				MTL_FAST_MATH = YES;
				ONLY_ACTIVE_ARCH = YES;
				SDKROOT = iphoneos;
				SWIFT_ACTIVE_COMPILATION_CONDITIONS = "DEBUG $(inherited)";
				SWIFT_OPTIMIZATION_LEVEL = "-Onone";
			};
			name = Debug;
		};
		920F68072DE524720082C3CE /* Release */ = {
			isa = XCBuildConfiguration;
			buildSettings = {
				ALWAYS_SEARCH_USER_PATHS = NO;
				ASSETCATALOG_COMPILER_GENERATE_SWIFT_ASSET_SYMBOL_EXTENSIONS = YES;
				CLANG_ANALYZER_NONNULL = YES;
				CLANG_ANALYZER_NUMBER_OBJECT_CONVERSION = YES_AGGRESSIVE;
				CLANG_CXX_LANGUAGE_STANDARD = "gnu++20";
				CLANG_ENABLE_MODULES = YES;
				CLANG_ENABLE_OBJC_ARC = YES;
				CLANG_ENABLE_OBJC_WEAK = YES;
				CLANG_WARN_BLOCK_CAPTURE_AUTORELEASING = YES;
				CLANG_WARN_BOOL_CONVERSION = YES;
				CLANG_WARN_COMMA = YES;
				CLANG_WARN_CONSTANT_CONVERSION = YES;
				CLANG_WARN_DEPRECATED_OBJC_IMPLEMENTATIONS = YES;
				CLANG_WARN_DIRECT_OBJC_ISA_USAGE = YES_ERROR;
				CLANG_WARN_DOCUMENTATION_COMMENTS = YES;
				CLANG_WARN_EMPTY_BODY = YES;
				CLANG_WARN_ENUM_CONVERSION = YES;
				CLANG_WARN_INFINITE_RECURSION = YES;
				CLANG_WARN_INT_CONVERSION = YES;
				CLANG_WARN_NON_LITERAL_NULL_CONVERSION = YES;
				CLANG_WARN_OBJC_IMPLICIT_RETAIN_SELF = YES;
				CLANG_WARN_OBJC_LITERAL_CONVERSION = YES;
				CLANG_WARN_OBJC_ROOT_CLASS = YES_ERROR;
				CLANG_WARN_QUOTED_INCLUDE_IN_FRAMEWORK_HEADER = YES;
				CLANG_WARN_RANGE_LOOP_ANALYSIS = YES;
				CLANG_WARN_STRICT_PROTOTYPES = YES;
				CLANG_WARN_SUSPICIOUS_MOVE = YES;
				CLANG_WARN_UNGUARDED_AVAILABILITY = YES_AGGRESSIVE;
				CLANG_WARN_UNREACHABLE_CODE = YES;
				CLANG_WARN__DUPLICATE_METHOD_MATCH = YES;
				COPY_PHASE_STRIP = NO;
				DEBUG_INFORMATION_FORMAT = "dwarf-with-dsym";
				ENABLE_NS_ASSERTIONS = NO;
				ENABLE_STRICT_OBJC_MSGSEND = YES;
				ENABLE_USER_SCRIPT_SANDBOXING = YES;
				GCC_C_LANGUAGE_STANDARD = gnu17;
				GCC_NO_COMMON_BLOCKS = YES;
				GCC_WARN_64_TO_32_BIT_CONVERSION = YES;
				GCC_WARN_ABOUT_RETURN_TYPE = YES_ERROR;
				GCC_WARN_UNDECLARED_SELECTOR = YES;
				GCC_WARN_UNINITIALIZED_AUTOS = YES_AGGRESSIVE;
				GCC_WARN_UNUSED_FUNCTION = YES;
				GCC_WARN_UNUSED_VARIABLE = YES;
				IPHONEOS_DEPLOYMENT_TARGET = 18.4;
				LOCALIZATION_PREFERS_STRING_CATALOGS = YES;
				MTL_ENABLE_DEBUG_INFO = NO;
				MTL_FAST_MATH = YES;
				SDKROOT = iphoneos;
				SWIFT_COMPILATION_MODE = wholemodule;
				VALIDATE_PRODUCT = YES;
			};
			name = Release;
		};
		920F68092DE524720082C3CE /* Debug */ = {
			isa = XCBuildConfiguration;
			buildSettings = {
				ASSETCATALOG_COMPILER_APPICON_NAME = AppIcon;
				ASSETCATALOG_COMPILER_GLOBAL_ACCENT_COLOR_NAME = AccentColor;
				CODE_SIGN_STYLE = Automatic;
				CURRENT_PROJECT_VERSION = 1;
				ENABLE_PREVIEWS = YES;
				GENERATE_INFOPLIST_FILE = YES;
				INFOPLIST_KEY_UIApplicationSceneManifest_Generation = YES;
				INFOPLIST_KEY_UIApplicationSupportsIndirectInputEvents = YES;
				INFOPLIST_KEY_UILaunchScreen_Generation = YES;
				INFOPLIST_KEY_UISupportedInterfaceOrientations_iPad = "UIInterfaceOrientationPortrait UIInterfaceOrientationPortraitUpsideDown UIInterfaceOrientationLandscapeLeft UIInterfaceOrientationLandscapeRight";
				INFOPLIST_KEY_UISupportedInterfaceOrientations_iPhone = "UIInterfaceOrientationPortrait UIInterfaceOrientationLandscapeLeft UIInterfaceOrientationLandscapeRight";
				IPHONEOS_DEPLOYMENT_TARGET = 17.6;
				LD_RUNPATH_SEARCH_PATHS = (
					"$(inherited)",
					"@executable_path/Frameworks",
				);
				MARKETING_VERSION = 1.0;
				PRODUCT_BUNDLE_IDENTIFIER = com.gergonzalez.UalaCitiesInterview;
				PRODUCT_NAME = UalaCitiesInterview;
				SWIFT_EMIT_LOC_STRINGS = YES;
				SWIFT_VERSION = 5.0;
				TARGETED_DEVICE_FAMILY = "1,2";
				TEST_HOST = "";
			};
			name = Debug;
		};
		920F680A2DE524720082C3CE /* Release */ = {
			isa = XCBuildConfiguration;
			buildSettings = {
				ASSETCATALOG_COMPILER_APPICON_NAME = AppIcon;
				ASSETCATALOG_COMPILER_GLOBAL_ACCENT_COLOR_NAME = AccentColor;
				CODE_SIGN_STYLE = Automatic;
				CURRENT_PROJECT_VERSION = 1;
				ENABLE_PREVIEWS = YES;
				GENERATE_INFOPLIST_FILE = YES;
				INFOPLIST_KEY_UIApplicationSceneManifest_Generation = YES;
				INFOPLIST_KEY_UIApplicationSupportsIndirectInputEvents = YES;
				INFOPLIST_KEY_UILaunchScreen_Generation = YES;
				INFOPLIST_KEY_UISupportedInterfaceOrientations_iPad = "UIInterfaceOrientationPortrait UIInterfaceOrientationPortraitUpsideDown UIInterfaceOrientationLandscapeLeft UIInterfaceOrientationLandscapeRight";
				INFOPLIST_KEY_UISupportedInterfaceOrientations_iPhone = "UIInterfaceOrientationPortrait UIInterfaceOrientationLandscapeLeft UIInterfaceOrientationLandscapeRight";
				IPHONEOS_DEPLOYMENT_TARGET = 17.6;
				LD_RUNPATH_SEARCH_PATHS = (
					"$(inherited)",
					"@executable_path/Frameworks",
				);
				MARKETING_VERSION = 1.0;
				PRODUCT_BUNDLE_IDENTIFIER = com.gergonzalez.UalaCitiesInterview;
				PRODUCT_NAME = UalaCitiesInterview;
				SWIFT_EMIT_LOC_STRINGS = YES;
				SWIFT_VERSION = 5.0;
				TARGETED_DEVICE_FAMILY = "1,2";
				TEST_HOST = "";
			};
			name = Release;
		};
		920F680C2DE524720082C3CE /* Debug */ = {
			isa = XCBuildConfiguration;
			buildSettings = {
				BUNDLE_LOADER = "$(TEST_HOST)";
				CODE_SIGN_STYLE = Automatic;
				CURRENT_PROJECT_VERSION = 1;
				GENERATE_INFOPLIST_FILE = YES;
				IPHONEOS_DEPLOYMENT_TARGET = 18.4;
				MARKETING_VERSION = 1.0;
				PRODUCT_BUNDLE_IDENTIFIER = com.gergonzalez.UalaCitiesInterviewTests;
				PRODUCT_NAME = "$(TARGET_NAME)";
				SWIFT_EMIT_LOC_STRINGS = NO;
				SWIFT_VERSION = 5.0;
				TARGETED_DEVICE_FAMILY = "1,2";
				TEST_HOST = "$(BUILT_PRODUCTS_DIR)/UalaCitiesInterview.app/$(BUNDLE_EXECUTABLE_FOLDER_PATH)/UalaCitiesInterview";
			};
			name = Debug;
		};
		920F680D2DE524720082C3CE /* Release */ = {
			isa = XCBuildConfiguration;
			buildSettings = {
				BUNDLE_LOADER = "$(TEST_HOST)";
				CODE_SIGN_STYLE = Automatic;
				CURRENT_PROJECT_VERSION = 1;
				GENERATE_INFOPLIST_FILE = YES;
				IPHONEOS_DEPLOYMENT_TARGET = 18.4;
				MARKETING_VERSION = 1.0;
				PRODUCT_BUNDLE_IDENTIFIER = com.gergonzalez.UalaCitiesInterviewTests;
				PRODUCT_NAME = "$(TARGET_NAME)";
				SWIFT_EMIT_LOC_STRINGS = NO;
				SWIFT_VERSION = 5.0;
				TARGETED_DEVICE_FAMILY = "1,2";
				TEST_HOST = "$(BUILT_PRODUCTS_DIR)/UalaCitiesInterview.app/$(BUNDLE_EXECUTABLE_FOLDER_PATH)/UalaCitiesInterview";
			};
			name = Release;
		};
		920F680F2DE524720082C3CE /* Debug */ = {
			isa = XCBuildConfiguration;
			buildSettings = {
				CODE_SIGN_STYLE = Automatic;
				CURRENT_PROJECT_VERSION = 1;
				GENERATE_INFOPLIST_FILE = YES;
				MARKETING_VERSION = 1.0;
				PRODUCT_BUNDLE_IDENTIFIER = com.gergonzalez.UalaCitiesInterviewUITests;
				PRODUCT_NAME = "$(TARGET_NAME)";
				SWIFT_EMIT_LOC_STRINGS = NO;
				SWIFT_VERSION = 5.0;
				TARGETED_DEVICE_FAMILY = "1,2";
				TEST_TARGET_NAME = UalaCitiesInterview;
			};
			name = Debug;
		};
		920F68102DE524720082C3CE /* Release */ = {
			isa = XCBuildConfiguration;
			buildSettings = {
				CODE_SIGN_STYLE = Automatic;
				CURRENT_PROJECT_VERSION = 1;
				GENERATE_INFOPLIST_FILE = YES;
				MARKETING_VERSION = 1.0;
				PRODUCT_BUNDLE_IDENTIFIER = com.gergonzalez.UalaCitiesInterviewUITests;
				PRODUCT_NAME = "$(TARGET_NAME)";
				SWIFT_EMIT_LOC_STRINGS = NO;
				SWIFT_VERSION = 5.0;
				TARGETED_DEVICE_FAMILY = "1,2";
				TEST_TARGET_NAME = UalaCitiesInterview;
			};
			name = Release;
		};
/* End XCBuildConfiguration section */

/* Begin XCConfigurationList section */
		920F67E02DE524700082C3CE /* Build configuration list for PBXProject "UalaCitiesInterview" */ = {
			isa = XCConfigurationList;
			buildConfigurations = (
				920F68062DE524720082C3CE /* Debug */,
				920F68072DE524720082C3CE /* Release */,
			);
			defaultConfigurationIsVisible = 0;
			defaultConfigurationName = Release;
		};
		920F68082DE524720082C3CE /* Build configuration list for PBXNativeTarget "UalaCitiesInterview" */ = {
			isa = XCConfigurationList;
			buildConfigurations = (
				920F68092DE524720082C3CE /* Debug */,
				920F680A2DE524720082C3CE /* Release */,
			);
			defaultConfigurationIsVisible = 0;
			defaultConfigurationName = Release;
		};
		920F680B2DE524720082C3CE /* Build configuration list for PBXNativeTarget "UalaCitiesInterviewTests" */ = {
			isa = XCConfigurationList;
			buildConfigurations = (
				920F680C2DE524720082C3CE /* Debug */,
				920F680D2DE524720082C3CE /* Release */,
			);
			defaultConfigurationIsVisible = 0;
			defaultConfigurationName = Release;
		};
		920F680E2DE524720082C3CE /* Build configuration list for PBXNativeTarget "UalaCitiesInterviewUITests" */ = {
			isa = XCConfigurationList;
			buildConfigurations = (
				920F680F2DE524720082C3CE /* Debug */,
				920F68102DE524720082C3CE /* Release */,
			);
			defaultConfigurationIsVisible = 0;
			defaultConfigurationName = Release;
		};
/* End XCConfigurationList section */
	};
	rootObject = 920F67DD2DE524700082C3CE /* Project object */;
}
